
Microsoft Visual Studio Solution File, Format Version 12.00
# Visual Studio Version 17
VisualStudioVersion = 17.12.35707.178 d17.12
MinimumVisualStudioVersion = 10.0.40219.1
Project("{FAE04EC0-301F-11D3-BF4B-00C04F79EFBC}") = "ExpenseMaster.Server", "ExpenseMaster.Server\ExpenseMaster.Server.csproj", "{675EE14F-222E-444C-AF22-010E470430CA}"
EndProject
Project("{54A90642-561A-4BB1-A94E-469ADEE60C69}") = "expensemaster.client", "expensemaster.client\expensemaster.client.esproj", "{845079F0-268E-4B1B-A7E8-C83B413C7D3F}"
EndProject
Global
	GlobalSection(SolutionConfigurationPlatforms) = preSolution
		Debug|Any CPU = Debug|Any CPU
		Release|Any CPU = Release|Any CPU
	EndGlobalSection
	GlobalSection(ProjectConfigurationPlatforms) = postSolution
		{675EE14F-222E-444C-AF22-010E470430CA}.Debug|Any CPU.ActiveCfg = Debug|Any CPU
		{675EE14F-222E-444C-AF22-010E470430CA}.Debug|Any CPU.Build.0 = Debug|Any CPU
		{675EE14F-222E-444C-AF22-010E470430CA}.Release|Any CPU.ActiveCfg = Release|Any CPU
		{675EE14F-222E-444C-AF22-010E470430CA}.Release|Any CPU.Build.0 = Release|Any CPU
		{845079F0-268E-4B1B-A7E8-C83B413C7D3F}.Debug|Any CPU.ActiveCfg = Debug|Any CPU
		{845079F0-268E-4B1B-A7E8-C83B413C7D3F}.Debug|Any CPU.Build.0 = Debug|Any CPU
		{845079F0-268E-4B1B-A7E8-C83B413C7D3F}.Debug|Any CPU.Deploy.0 = Debug|Any CPU
		{845079F0-268E-4B1B-A7E8-C83B413C7D3F}.Release|Any CPU.ActiveCfg = Release|Any CPU
		{845079F0-268E-4B1B-A7E8-C83B413C7D3F}.Release|Any CPU.Build.0 = Release|Any CPU
		{845079F0-268E-4B1B-A7E8-C83B413C7D3F}.Release|Any CPU.Deploy.0 = Release|Any CPU
	EndGlobalSection
	GlobalSection(SolutionProperties) = preSolution
		HideSolutionNode = FALSE
	EndGlobalSection
EndGlobal
